
Microsoft Visual Studio Solution File, Format Version 12.00
# Visual Studio Version 17
VisualStudioVersion = 17.0.32014.148
MinimumVisualStudioVersion = 10.0.40219.1
Project("{9A19103F-16F7-4668-BE54-9A1E7A4F7556}") = "FoodOrder.WebSite", "FoodOrder.WebSite\FoodOrder.WebSite.csproj", "{4D1F173A-3163-4719-9ED8-4A2A91488D83}"
EndProject
Project("{9A19103F-16F7-4668-BE54-9A1E7A4F7556}") = "FoodOrder.Models", "FoodOrder.Models\FoodOrder.Models.csproj", "{2866925C-D591-47A4-8C02-601EA7135B81}"
EndProject
Project("{9A19103F-16F7-4668-BE54-9A1E7A4F7556}") = "FoodOrder.DataLayer", "FoodOrder.DataLayer\FoodOrder.DataLayer.csproj", "{AB936FA0-FBC9-418A-8BD1-73F938C6877A}"
EndProject
Project("{9A19103F-16F7-4668-BE54-9A1E7A4F7556}") = "FoodOrder.Services", "FoodOrder.Services\FoodOrder.Services.csproj", "{33AC777E-4160-46C6-8B6F-F6495E6CBF13}"
EndProject
Project("{9A19103F-16F7-4668-BE54-9A1E7A4F7556}") = "FoodOrder.Desktop", "FoodOrder.Desktop\FoodOrder.Desktop.csproj", "{B64CD095-CC83-4DEF-9DFE-716C2981775C}"
EndProject
Project("{9A19103F-16F7-4668-BE54-9A1E7A4F7556}") = "FoodOrder.Winform", "FoodOrder.Winform\FoodOrder.Winform.csproj", "{54EDD9B4-793A-43DD-93D0-FDD69331C4F4}"
EndProject
Project("{9A19103F-16F7-4668-BE54-9A1E7A4F7556}") = "FoodOrder.API", "FoodOrder.API\FoodOrder.API.csproj", "{6BECAF47-4D4B-4CC9-B82B-66287C1CAFED}"
EndProject
Project("{9A19103F-16F7-4668-BE54-9A1E7A4F7556}") = "FoodOrder.ViewModels", "FoodOrder.ViewModels\FoodOrder.ViewModels.csproj", "{57E0C693-91D9-431E-B049-C59C0508F75A}"
EndProject
Project("{2150E333-8FDC-42A3-9474-1A3956D46DE8}") = "Solution Items", "Solution Items", "{B364049B-FE30-4C42-B827-5EAF6882821B}"
	ProjectSection(SolutionItems) = preProject
		.editorconfig = .editorconfig
	EndProjectSection
EndProject
Global
	GlobalSection(SolutionConfigurationPlatforms) = preSolution
		Debug|Any CPU = Debug|Any CPU
		Release|Any CPU = Release|Any CPU
	EndGlobalSection
	GlobalSection(ProjectConfigurationPlatforms) = postSolution
		{4D1F173A-3163-4719-9ED8-4A2A91488D83}.Debug|Any CPU.ActiveCfg = Debug|Any CPU
		{4D1F173A-3163-4719-9ED8-4A2A91488D83}.Debug|Any CPU.Build.0 = Debug|Any CPU
		{4D1F173A-3163-4719-9ED8-4A2A91488D83}.Release|Any CPU.ActiveCfg = Release|Any CPU
		{4D1F173A-3163-4719-9ED8-4A2A91488D83}.Release|Any CPU.Build.0 = Release|Any CPU
		{2866925C-D591-47A4-8C02-601EA7135B81}.Debug|Any CPU.ActiveCfg = Debug|Any CPU
		{2866925C-D591-47A4-8C02-601EA7135B81}.Debug|Any CPU.Build.0 = Debug|Any CPU
		{2866925C-D591-47A4-8C02-601EA7135B81}.Release|Any CPU.ActiveCfg = Release|Any CPU
		{2866925C-D591-47A4-8C02-601EA7135B81}.Release|Any CPU.Build.0 = Release|Any CPU
		{AB936FA0-FBC9-418A-8BD1-73F938C6877A}.Debug|Any CPU.ActiveCfg = Debug|Any CPU
		{AB936FA0-FBC9-418A-8BD1-73F938C6877A}.Debug|Any CPU.Build.0 = Debug|Any CPU
		{AB936FA0-FBC9-418A-8BD1-73F938C6877A}.Release|Any CPU.ActiveCfg = Release|Any CPU
		{AB936FA0-FBC9-418A-8BD1-73F938C6877A}.Release|Any CPU.Build.0 = Release|Any CPU
		{33AC777E-4160-46C6-8B6F-F6495E6CBF13}.Debug|Any CPU.ActiveCfg = Debug|Any CPU
		{33AC777E-4160-46C6-8B6F-F6495E6CBF13}.Debug|Any CPU.Build.0 = Debug|Any CPU
		{33AC777E-4160-46C6-8B6F-F6495E6CBF13}.Release|Any CPU.ActiveCfg = Release|Any CPU
		{33AC777E-4160-46C6-8B6F-F6495E6CBF13}.Release|Any CPU.Build.0 = Release|Any CPU
		{B64CD095-CC83-4DEF-9DFE-716C2981775C}.Debug|Any CPU.ActiveCfg = Debug|Any CPU
		{B64CD095-CC83-4DEF-9DFE-716C2981775C}.Debug|Any CPU.Build.0 = Debug|Any CPU
		{B64CD095-CC83-4DEF-9DFE-716C2981775C}.Release|Any CPU.ActiveCfg = Release|Any CPU
		{B64CD095-CC83-4DEF-9DFE-716C2981775C}.Release|Any CPU.Build.0 = Release|Any CPU
		{54EDD9B4-793A-43DD-93D0-FDD69331C4F4}.Debug|Any CPU.ActiveCfg = Debug|Any CPU
		{54EDD9B4-793A-43DD-93D0-FDD69331C4F4}.Debug|Any CPU.Build.0 = Debug|Any CPU
		{54EDD9B4-793A-43DD-93D0-FDD69331C4F4}.Release|Any CPU.ActiveCfg = Release|Any CPU
		{54EDD9B4-793A-43DD-93D0-FDD69331C4F4}.Release|Any CPU.Build.0 = Release|Any CPU
		{6BECAF47-4D4B-4CC9-B82B-66287C1CAFED}.Debug|Any CPU.ActiveCfg = Debug|Any CPU
		{6BECAF47-4D4B-4CC9-B82B-66287C1CAFED}.Debug|Any CPU.Build.0 = Debug|Any CPU
		{6BECAF47-4D4B-4CC9-B82B-66287C1CAFED}.Release|Any CPU.ActiveCfg = Release|Any CPU
		{6BECAF47-4D4B-4CC9-B82B-66287C1CAFED}.Release|Any CPU.Build.0 = Release|Any CPU
		{57E0C693-91D9-431E-B049-C59C0508F75A}.Debug|Any CPU.ActiveCfg = Debug|Any CPU
		{57E0C693-91D9-431E-B049-C59C0508F75A}.Debug|Any CPU.Build.0 = Debug|Any CPU
		{57E0C693-91D9-431E-B049-C59C0508F75A}.Release|Any CPU.ActiveCfg = Release|Any CPU
		{57E0C693-91D9-431E-B049-C59C0508F75A}.Release|Any CPU.Build.0 = Release|Any CPU
	EndGlobalSection
	GlobalSection(SolutionProperties) = preSolution
		HideSolutionNode = FALSE
	EndGlobalSection
	GlobalSection(ExtensibilityGlobals) = postSolution
		SolutionGuid = {DF56B738-F4B5-4727-89D7-64F2EC2AF433}
	EndGlobalSection
EndGlobal
